
Microsoft Visual Studio Solution File, Format Version 12.00
# Visual Studio 15
VisualStudioVersion = 15.0.28307.421
MinimumVisualStudioVersion = 10.0.40219.1
Project("{FAE04EC0-301F-11D3-BF4B-00C04F79EFBC}") = "InviteCodeMod", "InviteCodeMod\InviteCodeMod.csproj", "{5D95405E-7B31-4631-AEDE-5B2FA24AEC04}"
EndProject
Global
	GlobalSection(SolutionConfigurationPlatforms) = preSolution
		Debug|Any CPU = Debug|Any CPU
		Release|Any CPU = Release|Any CPU
	EndGlobalSection
	GlobalSection(ProjectConfigurationPlatforms) = postSolution
		{5D95405E-7B31-4631-AEDE-5B2FA24AEC04}.Debug|Any CPU.ActiveCfg = Debug|Any CPU
		{5D95405E-7B31-4631-AEDE-5B2FA24AEC04}.Debug|Any CPU.Build.0 = Debug|Any CPU
		{5D95405E-7B31-4631-AEDE-5B2FA24AEC04}.Release|Any CPU.ActiveCfg = Release|Any CPU
		{5D95405E-7B31-4631-AEDE-5B2FA24AEC04}.Release|Any CPU.Build.0 = Release|Any CPU
	EndGlobalSection
	GlobalSection(SolutionProperties) = preSolution
		HideSolutionNode = FALSE
	EndGlobalSection
	GlobalSection(ExtensibilityGlobals) = postSolution
		SolutionGuid = {F5EBAC60-4F93-4004-9759-AA2745A2D216}
	EndGlobalSection
EndGlobal
